<Solution>
  <Folder Name="/back-end/">
    <Project Path="back-end/DevTeam.Broker/DevTeam.Broker.csproj" />
    <Project Path="back-end/DevTeam.GitCli.Tests/DevTeam.GitCli.Tests.csproj" />
    <Project Path="back-end/DevTeam.GitCli/DevTeam.GitCli.csproj" />
    <Project Path="back-end/DevTeam.Shared/DevTeam.Shared.csproj" />
    <Project Path="back-end/DevTeam.Tests/DevTeam.Tests.csproj" />
  </Folder>
  <Folder Name="/desktop/">
    <Project Path="DevTeam.Desktop/DevTeam.Desktop.csproj" />
    <Project Path="DevTeam.Desktop.Tests/DevTeam.Desktop.Tests.csproj" />
  </Folder>
</Solution>
